
Microsoft Visual Studio Solution File, Format Version 12.00
Project("{2150E333-8FDC-42A3-9474-1A3956D46DE8}") = "src", "src", "{DD3D52B8-8699-45E0-903E-85112A51C66B}"
EndProject
Project("{2150E333-8FDC-42A3-9474-1A3956D46DE8}") = "tests", "tests", "{8D457F80-A85E-44EE-AB47-120FE5CDCE0B}"
EndProject
Project("{FAE04EC0-301F-11D3-BF4B-00C04F79EFBC}") = "SecretSanta.Application", "src\SecretSanta.Application\SecretSanta.Application.csproj", "{E8A9F438-8C2D-4204-95EF-D4D92BA791E3}"
EndProject
Project("{FAE04EC0-301F-11D3-BF4B-00C04F79EFBC}") = "SecretSanta.Domain", "src\SecretSanta.Domain\SecretSanta.Domain.csproj", "{A82D7328-3406-4695-9A93-57158590B0A8}"
EndProject
Project("{FAE04EC0-301F-11D3-BF4B-00C04F79EFBC}") = "SecretSanta.Infrastructure", "src\SecretSanta.Infrastructure\SecretSanta.Infrastructure.csproj", "{9E604388-D5DB-426E-8D39-727EE748ADE2}"
EndProject
Project("{FAE04EC0-301F-11D3-BF4B-00C04F79EFBC}") = "SecretSanta.WebAPI", "src\SecretSanta.WebAPI\SecretSanta.WebAPI.csproj", "{2552FFAD-0491-49F8-9BBF-E9D9CE5EC790}"
EndProject
Project("{FAE04EC0-301F-11D3-BF4B-00C04F79EFBC}") = "Application.Unittests", "tests\Application.Unittests\Application.Unittests.csproj", "{5EFA9EE9-418E-4B85-B0FA-EFF6C81A9AC0}"
EndProject
Project("{FAE04EC0-301F-11D3-BF4B-00C04F79EFBC}") = "Application.IntegrationTests", "tests\Application.IntegrationTests\Application.IntegrationTests.csproj", "{D92E2300-6461-456F-9EB6-627052E88542}"
EndProject
Global
	GlobalSection(SolutionConfigurationPlatforms) = preSolution
		Debug|Any CPU = Debug|Any CPU
		Release|Any CPU = Release|Any CPU
	EndGlobalSection
	GlobalSection(NestedProjects) = preSolution
		{E8A9F438-8C2D-4204-95EF-D4D92BA791E3} = {DD3D52B8-8699-45E0-903E-85112A51C66B}
		{A82D7328-3406-4695-9A93-57158590B0A8} = {DD3D52B8-8699-45E0-903E-85112A51C66B}
		{9E604388-D5DB-426E-8D39-727EE748ADE2} = {DD3D52B8-8699-45E0-903E-85112A51C66B}
		{2552FFAD-0491-49F8-9BBF-E9D9CE5EC790} = {DD3D52B8-8699-45E0-903E-85112A51C66B}
		{5EFA9EE9-418E-4B85-B0FA-EFF6C81A9AC0} = {8D457F80-A85E-44EE-AB47-120FE5CDCE0B}
		{D92E2300-6461-456F-9EB6-627052E88542} = {8D457F80-A85E-44EE-AB47-120FE5CDCE0B}
	EndGlobalSection
	GlobalSection(ProjectConfigurationPlatforms) = postSolution
		{E8A9F438-8C2D-4204-95EF-D4D92BA791E3}.Debug|Any CPU.ActiveCfg = Debug|Any CPU
		{E8A9F438-8C2D-4204-95EF-D4D92BA791E3}.Debug|Any CPU.Build.0 = Debug|Any CPU
		{E8A9F438-8C2D-4204-95EF-D4D92BA791E3}.Release|Any CPU.ActiveCfg = Release|Any CPU
		{E8A9F438-8C2D-4204-95EF-D4D92BA791E3}.Release|Any CPU.Build.0 = Release|Any CPU
		{A82D7328-3406-4695-9A93-57158590B0A8}.Debug|Any CPU.ActiveCfg = Debug|Any CPU
		{A82D7328-3406-4695-9A93-57158590B0A8}.Debug|Any CPU.Build.0 = Debug|Any CPU
		{A82D7328-3406-4695-9A93-57158590B0A8}.Release|Any CPU.ActiveCfg = Release|Any CPU
		{A82D7328-3406-4695-9A93-57158590B0A8}.Release|Any CPU.Build.0 = Release|Any CPU
		{9E604388-D5DB-426E-8D39-727EE748ADE2}.Debug|Any CPU.ActiveCfg = Debug|Any CPU
		{9E604388-D5DB-426E-8D39-727EE748ADE2}.Debug|Any CPU.Build.0 = Debug|Any CPU
		{9E604388-D5DB-426E-8D39-727EE748ADE2}.Release|Any CPU.ActiveCfg = Release|Any CPU
		{9E604388-D5DB-426E-8D39-727EE748ADE2}.Release|Any CPU.Build.0 = Release|Any CPU
		{2552FFAD-0491-49F8-9BBF-E9D9CE5EC790}.Debug|Any CPU.ActiveCfg = Debug|Any CPU
		{2552FFAD-0491-49F8-9BBF-E9D9CE5EC790}.Debug|Any CPU.Build.0 = Debug|Any CPU
		{2552FFAD-0491-49F8-9BBF-E9D9CE5EC790}.Release|Any CPU.ActiveCfg = Release|Any CPU
		{2552FFAD-0491-49F8-9BBF-E9D9CE5EC790}.Release|Any CPU.Build.0 = Release|Any CPU
		{5EFA9EE9-418E-4B85-B0FA-EFF6C81A9AC0}.Debug|Any CPU.ActiveCfg = Debug|Any CPU
		{5EFA9EE9-418E-4B85-B0FA-EFF6C81A9AC0}.Debug|Any CPU.Build.0 = Debug|Any CPU
		{5EFA9EE9-418E-4B85-B0FA-EFF6C81A9AC0}.Release|Any CPU.ActiveCfg = Release|Any CPU
		{5EFA9EE9-418E-4B85-B0FA-EFF6C81A9AC0}.Release|Any CPU.Build.0 = Release|Any CPU
		{D92E2300-6461-456F-9EB6-627052E88542}.Debug|Any CPU.ActiveCfg = Debug|Any CPU
		{D92E2300-6461-456F-9EB6-627052E88542}.Debug|Any CPU.Build.0 = Debug|Any CPU
		{D92E2300-6461-456F-9EB6-627052E88542}.Release|Any CPU.ActiveCfg = Release|Any CPU
		{D92E2300-6461-456F-9EB6-627052E88542}.Release|Any CPU.Build.0 = Release|Any CPU
	EndGlobalSection
EndGlobal
